
Microsoft Visual Studio Solution File, Format Version 12.00
# Visual Studio 15
Project("{FAE04EC0-301F-11D3-BF4B-00C04F79EFBC}") = "ClientManager", "ClientManager\ClientManager.csproj", "{AC1193D2-3F66-4DB4-A611-D186B39251CD}"
EndProject
Global
	GlobalSection(SolutionConfigurationPlatforms) = preSolution
		Debug|Any CPU = Debug|Any CPU
		Release|Any CPU = Release|Any CPU
	EndGlobalSection
	GlobalSection(ProjectConfigurationPlatforms) = postSolution
		{AC1193D2-3F66-4DB4-A611-D186B39251CD}.Debug|Any CPU.ActiveCfg = Debug|Any CPU
		{AC1193D2-3F66-4DB4-A611-D186B39251CD}.Debug|Any CPU.Build.0 = Debug|Any CPU
		{AC1193D2-3F66-4DB4-A611-D186B39251CD}.Release|Any CPU.ActiveCfg = Release|Any CPU
		{AC1193D2-3F66-4DB4-A611-D186B39251CD}.Release|Any CPU.Build.0 = Release|Any CPU
	EndGlobalSection
EndGlobal
